
Microsoft Visual Studio Solution File, Format Version 12.00
# Visual Studio 15
VisualStudioVersion = 15.0.26124.0
MinimumVisualStudioVersion = 15.0.26124.0
Project("{FAE04EC0-301F-11D3-BF4B-00C04F79EFBC}") = "LogTransformer.Api", "LogTransformer.Api\LogTransformer.Api.csproj", "{AE2F68AA-B4E1-4C7F-BC96-88A6EF743AD1}"
EndProject
Project("{FAE04EC0-301F-11D3-BF4B-00C04F79EFBC}") = "LogTransformer.Core", "LogTransformer.Core\LogTransformer.Core.csproj", "{65196FF4-DEAB-42F2-A06E-A97753DCC8AF}"
EndProject
Project("{FAE04EC0-301F-11D3-BF4B-00C04F79EFBC}") = "LogTransformer.Infrastructure", "LogTransformer.Infrastructure\LogTransformer.Infrastructure.csproj", "{683C3CBA-362C-41C0-96A5-D9FC98672B3A}"
EndProject
Project("{FAE04EC0-301F-11D3-BF4B-00C04F79EFBC}") = "LogTransformer.Tests", "LogTransformer.Tests\LogTransformer.Tests.csproj", "{523E4277-FD78-406E-BF99-75B4A4F3F279}"
EndProject
Global
	GlobalSection(SolutionConfigurationPlatforms) = preSolution
		Debug|Any CPU = Debug|Any CPU
		Debug|x64 = Debug|x64
		Debug|x86 = Debug|x86
		Release|Any CPU = Release|Any CPU
		Release|x64 = Release|x64
		Release|x86 = Release|x86
	EndGlobalSection
	GlobalSection(SolutionProperties) = preSolution
		HideSolutionNode = FALSE
	EndGlobalSection
	GlobalSection(ProjectConfigurationPlatforms) = postSolution
		{AE2F68AA-B4E1-4C7F-BC96-88A6EF743AD1}.Debug|Any CPU.ActiveCfg = Debug|Any CPU
		{AE2F68AA-B4E1-4C7F-BC96-88A6EF743AD1}.Debug|Any CPU.Build.0 = Debug|Any CPU
		{AE2F68AA-B4E1-4C7F-BC96-88A6EF743AD1}.Debug|x64.ActiveCfg = Debug|Any CPU
		{AE2F68AA-B4E1-4C7F-BC96-88A6EF743AD1}.Debug|x64.Build.0 = Debug|Any CPU
		{AE2F68AA-B4E1-4C7F-BC96-88A6EF743AD1}.Debug|x86.ActiveCfg = Debug|Any CPU
		{AE2F68AA-B4E1-4C7F-BC96-88A6EF743AD1}.Debug|x86.Build.0 = Debug|Any CPU
		{AE2F68AA-B4E1-4C7F-BC96-88A6EF743AD1}.Release|Any CPU.ActiveCfg = Release|Any CPU
		{AE2F68AA-B4E1-4C7F-BC96-88A6EF743AD1}.Release|Any CPU.Build.0 = Release|Any CPU
		{AE2F68AA-B4E1-4C7F-BC96-88A6EF743AD1}.Release|x64.ActiveCfg = Release|Any CPU
		{AE2F68AA-B4E1-4C7F-BC96-88A6EF743AD1}.Release|x64.Build.0 = Release|Any CPU
		{AE2F68AA-B4E1-4C7F-BC96-88A6EF743AD1}.Release|x86.ActiveCfg = Release|Any CPU
		{AE2F68AA-B4E1-4C7F-BC96-88A6EF743AD1}.Release|x86.Build.0 = Release|Any CPU
		{65196FF4-DEAB-42F2-A06E-A97753DCC8AF}.Debug|Any CPU.ActiveCfg = Debug|Any CPU
		{65196FF4-DEAB-42F2-A06E-A97753DCC8AF}.Debug|Any CPU.Build.0 = Debug|Any CPU
		{65196FF4-DEAB-42F2-A06E-A97753DCC8AF}.Debug|x64.ActiveCfg = Debug|Any CPU
		{65196FF4-DEAB-42F2-A06E-A97753DCC8AF}.Debug|x64.Build.0 = Debug|Any CPU
		{65196FF4-DEAB-42F2-A06E-A97753DCC8AF}.Debug|x86.ActiveCfg = Debug|Any CPU
		{65196FF4-DEAB-42F2-A06E-A97753DCC8AF}.Debug|x86.Build.0 = Debug|Any CPU
		{65196FF4-DEAB-42F2-A06E-A97753DCC8AF}.Release|Any CPU.ActiveCfg = Release|Any CPU
		{65196FF4-DEAB-42F2-A06E-A97753DCC8AF}.Release|Any CPU.Build.0 = Release|Any CPU
		{65196FF4-DEAB-42F2-A06E-A97753DCC8AF}.Release|x64.ActiveCfg = Release|Any CPU
		{65196FF4-DEAB-42F2-A06E-A97753DCC8AF}.Release|x64.Build.0 = Release|Any CPU
		{65196FF4-DEAB-42F2-A06E-A97753DCC8AF}.Release|x86.ActiveCfg = Release|Any CPU
		{65196FF4-DEAB-42F2-A06E-A97753DCC8AF}.Release|x86.Build.0 = Release|Any CPU
		{683C3CBA-362C-41C0-96A5-D9FC98672B3A}.Debug|Any CPU.ActiveCfg = Debug|Any CPU
		{683C3CBA-362C-41C0-96A5-D9FC98672B3A}.Debug|Any CPU.Build.0 = Debug|Any CPU
		{683C3CBA-362C-41C0-96A5-D9FC98672B3A}.Debug|x64.ActiveCfg = Debug|Any CPU
		{683C3CBA-362C-41C0-96A5-D9FC98672B3A}.Debug|x64.Build.0 = Debug|Any CPU
		{683C3CBA-362C-41C0-96A5-D9FC98672B3A}.Debug|x86.ActiveCfg = Debug|Any CPU
		{683C3CBA-362C-41C0-96A5-D9FC98672B3A}.Debug|x86.Build.0 = Debug|Any CPU
		{683C3CBA-362C-41C0-96A5-D9FC98672B3A}.Release|Any CPU.ActiveCfg = Release|Any CPU
		{683C3CBA-362C-41C0-96A5-D9FC98672B3A}.Release|Any CPU.Build.0 = Release|Any CPU
		{683C3CBA-362C-41C0-96A5-D9FC98672B3A}.Release|x64.ActiveCfg = Release|Any CPU
		{683C3CBA-362C-41C0-96A5-D9FC98672B3A}.Release|x64.Build.0 = Release|Any CPU
		{683C3CBA-362C-41C0-96A5-D9FC98672B3A}.Release|x86.ActiveCfg = Release|Any CPU
		{683C3CBA-362C-41C0-96A5-D9FC98672B3A}.Release|x86.Build.0 = Release|Any CPU
		{523E4277-FD78-406E-BF99-75B4A4F3F279}.Debug|Any CPU.ActiveCfg = Debug|Any CPU
		{523E4277-FD78-406E-BF99-75B4A4F3F279}.Debug|Any CPU.Build.0 = Debug|Any CPU
		{523E4277-FD78-406E-BF99-75B4A4F3F279}.Debug|x64.ActiveCfg = Debug|Any CPU
		{523E4277-FD78-406E-BF99-75B4A4F3F279}.Debug|x64.Build.0 = Debug|Any CPU
		{523E4277-FD78-406E-BF99-75B4A4F3F279}.Debug|x86.ActiveCfg = Debug|Any CPU
		{523E4277-FD78-406E-BF99-75B4A4F3F279}.Debug|x86.Build.0 = Debug|Any CPU
		{523E4277-FD78-406E-BF99-75B4A4F3F279}.Release|Any CPU.ActiveCfg = Release|Any CPU
		{523E4277-FD78-406E-BF99-75B4A4F3F279}.Release|Any CPU.Build.0 = Release|Any CPU
		{523E4277-FD78-406E-BF99-75B4A4F3F279}.Release|x64.ActiveCfg = Release|Any CPU
		{523E4277-FD78-406E-BF99-75B4A4F3F279}.Release|x64.Build.0 = Release|Any CPU
		{523E4277-FD78-406E-BF99-75B4A4F3F279}.Release|x86.ActiveCfg = Release|Any CPU
		{523E4277-FD78-406E-BF99-75B4A4F3F279}.Release|x86.Build.0 = Release|Any CPU
	EndGlobalSection
EndGlobal
